
Microsoft Visual Studio Solution File, Format Version 12.00
# Visual Studio Version 17
VisualStudioVersion = 17.0.31912.275
MinimumVisualStudioVersion = 10.0.40219.1
Project("{FAE04EC0-301F-11D3-BF4B-00C04F79EFBC}") = "Logica", "Logica\Logica.csproj", "{F7835AFF-C9A8-40F5-8E3D-8E9A5E8A6C02}"
EndProject
Project("{FAE04EC0-301F-11D3-BF4B-00C04F79EFBC}") = "Consola", "Consola\Consola.csproj", "{BF756725-DB29-40E3-BF52-FA58140E8DE3}"
EndProject
Global
	GlobalSection(SolutionConfigurationPlatforms) = preSolution
		Debug|Any CPU = Debug|Any CPU
		Release|Any CPU = Release|Any CPU
	EndGlobalSection
	GlobalSection(ProjectConfigurationPlatforms) = postSolution
		{F7835AFF-C9A8-40F5-8E3D-8E9A5E8A6C02}.Debug|Any CPU.ActiveCfg = Debug|Any CPU
		{F7835AFF-C9A8-40F5-8E3D-8E9A5E8A6C02}.Debug|Any CPU.Build.0 = Debug|Any CPU
		{F7835AFF-C9A8-40F5-8E3D-8E9A5E8A6C02}.Release|Any CPU.ActiveCfg = Release|Any CPU
		{F7835AFF-C9A8-40F5-8E3D-8E9A5E8A6C02}.Release|Any CPU.Build.0 = Release|Any CPU
		{BF756725-DB29-40E3-BF52-FA58140E8DE3}.Debug|Any CPU.ActiveCfg = Debug|Any CPU
		{BF756725-DB29-40E3-BF52-FA58140E8DE3}.Debug|Any CPU.Build.0 = Debug|Any CPU
		{BF756725-DB29-40E3-BF52-FA58140E8DE3}.Release|Any CPU.ActiveCfg = Release|Any CPU
		{BF756725-DB29-40E3-BF52-FA58140E8DE3}.Release|Any CPU.Build.0 = Release|Any CPU
	EndGlobalSection
	GlobalSection(SolutionProperties) = preSolution
		HideSolutionNode = FALSE
	EndGlobalSection
	GlobalSection(ExtensibilityGlobals) = postSolution
		SolutionGuid = {8A6DE8A8-5CE1-446C-B6A3-5ED2B0EB9867}
	EndGlobalSection
EndGlobal
